
Microsoft Visual Studio Solution File, Format Version 12.00
# Visual Studio Version 17
VisualStudioVersion = 17.3.32929.385
MinimumVisualStudioVersion = 10.0.40219.1
Project("{9A19103F-16F7-4668-BE54-9A1E7A4F7556}") = "BookSwap", "Src\BookSwap\BookSwap.csproj", "{2D1531AA-84AF-4E4E-ADF2-CB13F8092AE6}"
EndProject
Project("{FAE04EC0-301F-11D3-BF4B-00C04F79EFBC}") = "BookSwap.Android", "Src\BookSwap.Android\BookSwap.Android.csproj", "{27BE39ED-B88B-4CBC-9282-FAA526B1C440}"
EndProject
Project("{FAE04EC0-301F-11D3-BF4B-00C04F79EFBC}") = "BookSwap.iOS", "Src\BookSwap.iOS\BookSwap.iOS.csproj", "{A3458461-9F82-47DB-835E-46E762C4A707}"
EndProject
Project("{FAE04EC0-301F-11D3-BF4B-00C04F79EFBC}") = "BookSwap.UWP", "Src\BookSwap.UWP\BookSwap.UWP.csproj", "{DB98E456-BE71-40C9-B4E0-F3C21CEBCCC6}"
EndProject
Global
	GlobalSection(SolutionConfigurationPlatforms) = preSolution
		Debug|Any CPU = Debug|Any CPU
		Debug|ARM = Debug|ARM
		Debug|iPhone = Debug|iPhone
		Debug|iPhoneSimulator = Debug|iPhoneSimulator
		Debug|x64 = Debug|x64
		Debug|x86 = Debug|x86
		Release|Any CPU = Release|Any CPU
		Release|ARM = Release|ARM
		Release|iPhone = Release|iPhone
		Release|iPhoneSimulator = Release|iPhoneSimulator
		Release|x64 = Release|x64
		Release|x86 = Release|x86
	EndGlobalSection
	GlobalSection(ProjectConfigurationPlatforms) = postSolution
		{2D1531AA-84AF-4E4E-ADF2-CB13F8092AE6}.Debug|Any CPU.ActiveCfg = Debug|Any CPU
		{2D1531AA-84AF-4E4E-ADF2-CB13F8092AE6}.Debug|Any CPU.Build.0 = Debug|Any CPU
		{2D1531AA-84AF-4E4E-ADF2-CB13F8092AE6}.Debug|Any CPU.Deploy.0 = Debug|Any CPU
		{2D1531AA-84AF-4E4E-ADF2-CB13F8092AE6}.Debug|ARM.ActiveCfg = Debug|Any CPU
		{2D1531AA-84AF-4E4E-ADF2-CB13F8092AE6}.Debug|ARM.Build.0 = Debug|Any CPU
		{2D1531AA-84AF-4E4E-ADF2-CB13F8092AE6}.Debug|iPhone.ActiveCfg = Debug|Any CPU
		{2D1531AA-84AF-4E4E-ADF2-CB13F8092AE6}.Debug|iPhone.Build.0 = Debug|Any CPU
		{2D1531AA-84AF-4E4E-ADF2-CB13F8092AE6}.Debug|iPhone.Deploy.0 = Debug|Any CPU
		{2D1531AA-84AF-4E4E-ADF2-CB13F8092AE6}.Debug|iPhoneSimulator.ActiveCfg = Debug|Any CPU
		{2D1531AA-84AF-4E4E-ADF2-CB13F8092AE6}.Debug|iPhoneSimulator.Build.0 = Debug|Any CPU
		{2D1531AA-84AF-4E4E-ADF2-CB13F8092AE6}.Debug|iPhoneSimulator.Deploy.0 = Debug|Any CPU
		{2D1531AA-84AF-4E4E-ADF2-CB13F8092AE6}.Debug|x64.ActiveCfg = Debug|Any CPU
		{2D1531AA-84AF-4E4E-ADF2-CB13F8092AE6}.Debug|x64.Build.0 = Debug|Any CPU
		{2D1531AA-84AF-4E4E-ADF2-CB13F8092AE6}.Debug|x86.ActiveCfg = Debug|Any CPU
		{2D1531AA-84AF-4E4E-ADF2-CB13F8092AE6}.Debug|x86.Build.0 = Debug|Any CPU
		{2D1531AA-84AF-4E4E-ADF2-CB13F8092AE6}.Release|Any CPU.ActiveCfg = Release|Any CPU
		{2D1531AA-84AF-4E4E-ADF2-CB13F8092AE6}.Release|Any CPU.Build.0 = Release|Any CPU
		{2D1531AA-84AF-4E4E-ADF2-CB13F8092AE6}.Release|Any CPU.Deploy.0 = Release|Any CPU
		{2D1531AA-84AF-4E4E-ADF2-CB13F8092AE6}.Release|ARM.ActiveCfg = Release|Any CPU
		{2D1531AA-84AF-4E4E-ADF2-CB13F8092AE6}.Release|ARM.Build.0 = Release|Any CPU
		{2D1531AA-84AF-4E4E-ADF2-CB13F8092AE6}.Release|iPhone.ActiveCfg = Release|Any CPU
		{2D1531AA-84AF-4E4E-ADF2-CB13F8092AE6}.Release|iPhone.Build.0 = Release|Any CPU
		{2D1531AA-84AF-4E4E-ADF2-CB13F8092AE6}.Release|iPhone.Deploy.0 = Release|Any CPU
		{2D1531AA-84AF-4E4E-ADF2-CB13F8092AE6}.Release|iPhoneSimulator.ActiveCfg = Release|Any CPU
		{2D1531AA-84AF-4E4E-ADF2-CB13F8092AE6}.Release|iPhoneSimulator.Build.0 = Release|Any CPU
		{2D1531AA-84AF-4E4E-ADF2-CB13F8092AE6}.Release|iPhoneSimulator.Deploy.0 = Release|Any CPU
		{2D1531AA-84AF-4E4E-ADF2-CB13F8092AE6}.Release|x64.ActiveCfg = Release|Any CPU
		{2D1531AA-84AF-4E4E-ADF2-CB13F8092AE6}.Release|x64.Build.0 = Release|Any CPU
		{2D1531AA-84AF-4E4E-ADF2-CB13F8092AE6}.Release|x86.ActiveCfg = Release|Any CPU
		{2D1531AA-84AF-4E4E-ADF2-CB13F8092AE6}.Release|x86.Build.0 = Release|Any CPU
		{27BE39ED-B88B-4CBC-9282-FAA526B1C440}.Debug|Any CPU.ActiveCfg = Debug|Any CPU
		{27BE39ED-B88B-4CBC-9282-FAA526B1C440}.Debug|Any CPU.Build.0 = Debug|Any CPU
		{27BE39ED-B88B-4CBC-9282-FAA526B1C440}.Debug|Any CPU.Deploy.0 = Debug|Any CPU
		{27BE39ED-B88B-4CBC-9282-FAA526B1C440}.Debug|ARM.ActiveCfg = Debug|Any CPU
		{27BE39ED-B88B-4CBC-9282-FAA526B1C440}.Debug|ARM.Build.0 = Debug|Any CPU
		{27BE39ED-B88B-4CBC-9282-FAA526B1C440}.Debug|ARM.Deploy.0 = Debug|Any CPU
		{27BE39ED-B88B-4CBC-9282-FAA526B1C440}.Debug|iPhone.ActiveCfg = Debug|Any CPU
		{27BE39ED-B88B-4CBC-9282-FAA526B1C440}.Debug|iPhone.Build.0 = Debug|Any CPU
		{27BE39ED-B88B-4CBC-9282-FAA526B1C440}.Debug|iPhone.Deploy.0 = Debug|Any CPU
		{27BE39ED-B88B-4CBC-9282-FAA526B1C440}.Debug|iPhoneSimulator.ActiveCfg = Debug|Any CPU
		{27BE39ED-B88B-4CBC-9282-FAA526B1C440}.Debug|iPhoneSimulator.Build.0 = Debug|Any CPU
		{27BE39ED-B88B-4CBC-9282-FAA526B1C440}.Debug|iPhoneSimulator.Deploy.0 = Debug|Any CPU
		{27BE39ED-B88B-4CBC-9282-FAA526B1C440}.Debug|x64.ActiveCfg = Debug|Any CPU
		{27BE39ED-B88B-4CBC-9282-FAA526B1C440}.Debug|x64.Build.0 = Debug|Any CPU
		{27BE39ED-B88B-4CBC-9282-FAA526B1C440}.Debug|x64.Deploy.0 = Debug|Any CPU
		{27BE39ED-B88B-4CBC-9282-FAA526B1C440}.Debug|x86.ActiveCfg = Debug|Any CPU
		{27BE39ED-B88B-4CBC-9282-FAA526B1C440}.Debug|x86.Build.0 = Debug|Any CPU
		{27BE39ED-B88B-4CBC-9282-FAA526B1C440}.Debug|x86.Deploy.0 = Debug|Any CPU
		{27BE39ED-B88B-4CBC-9282-FAA526B1C440}.Release|Any CPU.ActiveCfg = Release|Any CPU
		{27BE39ED-B88B-4CBC-9282-FAA526B1C440}.Release|Any CPU.Build.0 = Release|Any CPU
		{27BE39ED-B88B-4CBC-9282-FAA526B1C440}.Release|Any CPU.Deploy.0 = Release|Any CPU
		{27BE39ED-B88B-4CBC-9282-FAA526B1C440}.Release|ARM.ActiveCfg = Release|Any CPU
		{27BE39ED-B88B-4CBC-9282-FAA526B1C440}.Release|ARM.Build.0 = Release|Any CPU
		{27BE39ED-B88B-4CBC-9282-FAA526B1C440}.Release|ARM.Deploy.0 = Release|Any CPU
		{27BE39ED-B88B-4CBC-9282-FAA526B1C440}.Release|iPhone.ActiveCfg = Release|Any CPU
		{27BE39ED-B88B-4CBC-9282-FAA526B1C440}.Release|iPhone.Build.0 = Release|Any CPU
		{27BE39ED-B88B-4CBC-9282-FAA526B1C440}.Release|iPhone.Deploy.0 = Release|Any CPU
		{27BE39ED-B88B-4CBC-9282-FAA526B1C440}.Release|iPhoneSimulator.ActiveCfg = Release|Any CPU
		{27BE39ED-B88B-4CBC-9282-FAA526B1C440}.Release|iPhoneSimulator.Build.0 = Release|Any CPU
		{27BE39ED-B88B-4CBC-9282-FAA526B1C440}.Release|iPhoneSimulator.Deploy.0 = Release|Any CPU
		{27BE39ED-B88B-4CBC-9282-FAA526B1C440}.Release|x64.ActiveCfg = Release|Any CPU
		{27BE39ED-B88B-4CBC-9282-FAA526B1C440}.Release|x64.Build.0 = Release|Any CPU
		{27BE39ED-B88B-4CBC-9282-FAA526B1C440}.Release|x64.Deploy.0 = Release|Any CPU
		{27BE39ED-B88B-4CBC-9282-FAA526B1C440}.Release|x86.ActiveCfg = Release|Any CPU
		{27BE39ED-B88B-4CBC-9282-FAA526B1C440}.Release|x86.Build.0 = Release|Any CPU
		{27BE39ED-B88B-4CBC-9282-FAA526B1C440}.Release|x86.Deploy.0 = Release|Any CPU
		{A3458461-9F82-47DB-835E-46E762C4A707}.Debug|Any CPU.ActiveCfg = Debug|iPhoneSimulator
		{A3458461-9F82-47DB-835E-46E762C4A707}.Debug|Any CPU.Build.0 = Debug|iPhoneSimulator
		{A3458461-9F82-47DB-835E-46E762C4A707}.Debug|Any CPU.Deploy.0 = Debug|iPhoneSimulator
		{A3458461-9F82-47DB-835E-46E762C4A707}.Debug|ARM.ActiveCfg = Debug|iPhone
		{A3458461-9F82-47DB-835E-46E762C4A707}.Debug|ARM.Build.0 = Debug|iPhone
		{A3458461-9F82-47DB-835E-46E762C4A707}.Debug|iPhone.ActiveCfg = Debug|iPhone
		{A3458461-9F82-47DB-835E-46E762C4A707}.Debug|iPhone.Build.0 = Debug|iPhone
		{A3458461-9F82-47DB-835E-46E762C4A707}.Debug|iPhone.Deploy.0 = Debug|iPhone
		{A3458461-9F82-47DB-835E-46E762C4A707}.Debug|iPhoneSimulator.ActiveCfg = Debug|iPhoneSimulator
		{A3458461-9F82-47DB-835E-46E762C4A707}.Debug|iPhoneSimulator.Build.0 = Debug|iPhoneSimulator
		{A3458461-9F82-47DB-835E-46E762C4A707}.Debug|iPhoneSimulator.Deploy.0 = Debug|iPhoneSimulator
		{A3458461-9F82-47DB-835E-46E762C4A707}.Debug|x64.ActiveCfg = Debug|iPhone
		{A3458461-9F82-47DB-835E-46E762C4A707}.Debug|x64.Build.0 = Debug|iPhone
		{A3458461-9F82-47DB-835E-46E762C4A707}.Debug|x86.ActiveCfg = Debug|iPhone
		{A3458461-9F82-47DB-835E-46E762C4A707}.Debug|x86.Build.0 = Debug|iPhone
		{A3458461-9F82-47DB-835E-46E762C4A707}.Release|Any CPU.ActiveCfg = Release|iPhone
		{A3458461-9F82-47DB-835E-46E762C4A707}.Release|Any CPU.Build.0 = Release|iPhone
		{A3458461-9F82-47DB-835E-46E762C4A707}.Release|Any CPU.Deploy.0 = Release|iPhone
		{A3458461-9F82-47DB-835E-46E762C4A707}.Release|ARM.ActiveCfg = Release|iPhoneSimulator
		{A3458461-9F82-47DB-835E-46E762C4A707}.Release|ARM.Build.0 = Release|iPhoneSimulator
		{A3458461-9F82-47DB-835E-46E762C4A707}.Release|iPhone.ActiveCfg = Release|iPhone
		{A3458461-9F82-47DB-835E-46E762C4A707}.Release|iPhone.Build.0 = Release|iPhone
		{A3458461-9F82-47DB-835E-46E762C4A707}.Release|iPhone.Deploy.0 = Release|iPhone
		{A3458461-9F82-47DB-835E-46E762C4A707}.Release|iPhoneSimulator.ActiveCfg = Release|iPhoneSimulator
		{A3458461-9F82-47DB-835E-46E762C4A707}.Release|iPhoneSimulator.Build.0 = Release|iPhoneSimulator
		{A3458461-9F82-47DB-835E-46E762C4A707}.Release|iPhoneSimulator.Deploy.0 = Release|iPhoneSimulator
		{A3458461-9F82-47DB-835E-46E762C4A707}.Release|x64.ActiveCfg = Release|iPhoneSimulator
		{A3458461-9F82-47DB-835E-46E762C4A707}.Release|x64.Build.0 = Release|iPhoneSimulator
		{A3458461-9F82-47DB-835E-46E762C4A707}.Release|x86.ActiveCfg = Release|iPhoneSimulator
		{A3458461-9F82-47DB-835E-46E762C4A707}.Release|x86.Build.0 = Release|iPhoneSimulator
		{DB98E456-BE71-40C9-B4E0-F3C21CEBCCC6}.Debug|Any CPU.ActiveCfg = Debug|x64
		{DB98E456-BE71-40C9-B4E0-F3C21CEBCCC6}.Debug|Any CPU.Build.0 = Debug|x64
		{DB98E456-BE71-40C9-B4E0-F3C21CEBCCC6}.Debug|Any CPU.Deploy.0 = Debug|x64
		{DB98E456-BE71-40C9-B4E0-F3C21CEBCCC6}.Debug|ARM.ActiveCfg = Debug|ARM
		{DB98E456-BE71-40C9-B4E0-F3C21CEBCCC6}.Debug|ARM.Build.0 = Debug|ARM
		{DB98E456-BE71-40C9-B4E0-F3C21CEBCCC6}.Debug|ARM.Deploy.0 = Debug|ARM
		{DB98E456-BE71-40C9-B4E0-F3C21CEBCCC6}.Debug|iPhone.ActiveCfg = Debug|x64
		{DB98E456-BE71-40C9-B4E0-F3C21CEBCCC6}.Debug|iPhone.Build.0 = Debug|x64
		{DB98E456-BE71-40C9-B4E0-F3C21CEBCCC6}.Debug|iPhone.Deploy.0 = Debug|x64
		{DB98E456-BE71-40C9-B4E0-F3C21CEBCCC6}.Debug|iPhoneSimulator.ActiveCfg = Debug|x64
		{DB98E456-BE71-40C9-B4E0-F3C21CEBCCC6}.Debug|iPhoneSimulator.Build.0 = Debug|x64
		{DB98E456-BE71-40C9-B4E0-F3C21CEBCCC6}.Debug|iPhoneSimulator.Deploy.0 = Debug|x64
		{DB98E456-BE71-40C9-B4E0-F3C21CEBCCC6}.Debug|x64.ActiveCfg = Debug|x64
		{DB98E456-BE71-40C9-B4E0-F3C21CEBCCC6}.Debug|x64.Build.0 = Debug|x64
		{DB98E456-BE71-40C9-B4E0-F3C21CEBCCC6}.Debug|x64.Deploy.0 = Debug|x64
		{DB98E456-BE71-40C9-B4E0-F3C21CEBCCC6}.Debug|x86.ActiveCfg = Debug|x86
		{DB98E456-BE71-40C9-B4E0-F3C21CEBCCC6}.Debug|x86.Build.0 = Debug|x86
		{DB98E456-BE71-40C9-B4E0-F3C21CEBCCC6}.Debug|x86.Deploy.0 = Debug|x86
		{DB98E456-BE71-40C9-B4E0-F3C21CEBCCC6}.Release|Any CPU.ActiveCfg = Release|x64
		{DB98E456-BE71-40C9-B4E0-F3C21CEBCCC6}.Release|Any CPU.Build.0 = Release|x64
		{DB98E456-BE71-40C9-B4E0-F3C21CEBCCC6}.Release|Any CPU.Deploy.0 = Release|x64
		{DB98E456-BE71-40C9-B4E0-F3C21CEBCCC6}.Release|ARM.ActiveCfg = Release|ARM
		{DB98E456-BE71-40C9-B4E0-F3C21CEBCCC6}.Release|ARM.Build.0 = Release|ARM
		{DB98E456-BE71-40C9-B4E0-F3C21CEBCCC6}.Release|ARM.Deploy.0 = Release|ARM
		{DB98E456-BE71-40C9-B4E0-F3C21CEBCCC6}.Release|iPhone.ActiveCfg = Release|x64
		{DB98E456-BE71-40C9-B4E0-F3C21CEBCCC6}.Release|iPhone.Build.0 = Release|x64
		{DB98E456-BE71-40C9-B4E0-F3C21CEBCCC6}.Release|iPhone.Deploy.0 = Release|x64
		{DB98E456-BE71-40C9-B4E0-F3C21CEBCCC6}.Release|iPhoneSimulator.ActiveCfg = Release|x64
		{DB98E456-BE71-40C9-B4E0-F3C21CEBCCC6}.Release|iPhoneSimulator.Build.0 = Release|x64
		{DB98E456-BE71-40C9-B4E0-F3C21CEBCCC6}.Release|iPhoneSimulator.Deploy.0 = Release|x64
		{DB98E456-BE71-40C9-B4E0-F3C21CEBCCC6}.Release|x64.ActiveCfg = Release|x64
		{DB98E456-BE71-40C9-B4E0-F3C21CEBCCC6}.Release|x64.Build.0 = Release|x64
		{DB98E456-BE71-40C9-B4E0-F3C21CEBCCC6}.Release|x64.Deploy.0 = Release|x64
		{DB98E456-BE71-40C9-B4E0-F3C21CEBCCC6}.Release|x86.ActiveCfg = Release|x86
		{DB98E456-BE71-40C9-B4E0-F3C21CEBCCC6}.Release|x86.Build.0 = Release|x86
		{DB98E456-BE71-40C9-B4E0-F3C21CEBCCC6}.Release|x86.Deploy.0 = Release|x86
	EndGlobalSection
	GlobalSection(SolutionProperties) = preSolution
		HideSolutionNode = FALSE
	EndGlobalSection
	GlobalSection(ExtensibilityGlobals) = postSolution
		SolutionGuid = {2341614C-7209-4848-8BF8-71CDAB97D83B}
	EndGlobalSection
EndGlobal
